
Microsoft Visual Studio Solution File, Format Version 12.00
# Visual Studio Version 16
VisualStudioVersion = 16.0.31112.23
MinimumVisualStudioVersion = 10.0.40219.1
Project("{9A19103F-16F7-4668-BE54-9A1E7A4F7556}") = "BackendSaiKitchen", "BackendSaiKitchen\BackendSaiKitchen.csproj", "{334C984C-9C70-4AB5-B62D-10A4A6EE4112}"
EndProject
Project("{00D1A9C2-B5F0-4AF3-8072-F6C62B433612}") = "BackendSaiKitchen_db", "BackendSaiKitchen_db\BackendSaiKitchen_db.sqlproj", "{3251208A-AFB0-47E2-803E-F8F46F72E1D7}"
EndProject
Global
	GlobalSection(SolutionConfigurationPlatforms) = preSolution
		Debug|Any CPU = Debug|Any CPU
		Release|Any CPU = Release|Any CPU
	EndGlobalSection
	GlobalSection(ProjectConfigurationPlatforms) = postSolution
		{334C984C-9C70-4AB5-B62D-10A4A6EE4112}.Debug|Any CPU.ActiveCfg = Debug|Any CPU
		{334C984C-9C70-4AB5-B62D-10A4A6EE4112}.Debug|Any CPU.Build.0 = Debug|Any CPU
		{334C984C-9C70-4AB5-B62D-10A4A6EE4112}.Release|Any CPU.ActiveCfg = Release|Any CPU
		{334C984C-9C70-4AB5-B62D-10A4A6EE4112}.Release|Any CPU.Build.0 = Release|Any CPU
		{3251208A-AFB0-47E2-803E-F8F46F72E1D7}.Debug|Any CPU.ActiveCfg = Debug|Any CPU
		{3251208A-AFB0-47E2-803E-F8F46F72E1D7}.Debug|Any CPU.Build.0 = Debug|Any CPU
		{3251208A-AFB0-47E2-803E-F8F46F72E1D7}.Debug|Any CPU.Deploy.0 = Debug|Any CPU
		{3251208A-AFB0-47E2-803E-F8F46F72E1D7}.Release|Any CPU.ActiveCfg = Release|Any CPU
		{3251208A-AFB0-47E2-803E-F8F46F72E1D7}.Release|Any CPU.Build.0 = Release|Any CPU
		{3251208A-AFB0-47E2-803E-F8F46F72E1D7}.Release|Any CPU.Deploy.0 = Release|Any CPU
	EndGlobalSection
	GlobalSection(SolutionProperties) = preSolution
		HideSolutionNode = FALSE
	EndGlobalSection
	GlobalSection(ExtensibilityGlobals) = postSolution
		SolutionGuid = {11CA8366-1CD9-47FF-BC51-CABFE1AEEE89}
	EndGlobalSection
EndGlobal
